// !$*UTF8*$!
{
	archiveVersion = 1;
	classes = {
	};
	objectVersion = 46;
	objects = {

/* Begin PBXBuildFile section */
		44F628321B9C534A008E8EC2 /* main.m in Sources */ = {isa = PBXBuildFile; fileRef = 44F628311B9C534A008E8EC2 /* main.m */; };
		44F628351B9C534A008E8EC2 /* AppDelegate.m in Sources */ = {isa = PBXBuildFile; fileRef = 44F628341B9C534A008E8EC2 /* AppDelegate.m */; };
		44F628381B9C534A008E8EC2 /* ViewController.m in Sources */ = {isa = PBXBuildFile; fileRef = 44F628371B9C534A008E8EC2 /* ViewController.m */; };
		44F6283B1B9C534A008E8EC2 /* Main.storyboard in Resources */ = {isa = PBXBuildFile; fileRef = 44F628391B9C534A008E8EC2 /* Main.storyboard */; };
		44F6283D1B9C534A008E8EC2 /* Assets.xcassets in Resources */ = {isa = PBXBuildFile; fileRef = 44F6283C1B9C534A008E8EC2 /* Assets.xcassets */; };
		44F628401B9C534A008E8EC2 /* LaunchScreen.storyboard in Resources */ = {isa = PBXBuildFile; fileRef = 44F6283E1B9C534A008E8EC2 /* LaunchScreen.storyboard */; };
		44F6284B1B9C534A008E8EC2 /* JTMaterialSwitchTests.m in Sources */ = {isa = PBXBuildFile; fileRef = 44F6284A1B9C534A008E8EC2 /* JTMaterialSwitchTests.m */; };
		44F628561B9C534A008E8EC2 /* JTMaterialSwitchUITests.m in Sources */ = {isa = PBXBuildFile; fileRef = 44F628551B9C534A008E8EC2 /* JTMaterialSwitchUITests.m */; };
/* End PBXBuildFile section */

/* Begin PBXContainerItemProxy section */
		44F628471B9C534A008E8EC2 /* PBXContainerItemProxy */ = {
			isa = PBXContainerItemProxy;
			containerPortal = 44F628251B9C534A008E8EC2 /* Project object */;
			proxyType = 1;
			remoteGlobalIDString = 44F6282C1B9C534A008E8EC2;
			remoteInfo = JTMaterialSwitch;
		};
		44F628521B9C534A008E8EC2 /* PBXContainerItemProxy */ = {
			isa = PBXContainerItemProxy;
			containerPortal = 44F628251B9C534A008E8EC2 /* Project object */;
			proxyType = 1;
			remoteGlobalIDString = 44F6282C1B9C534A008E8EC2;
			remoteInfo = JTMaterialSwitch;
		};
/* End PBXContainerItemProxy section */

/* Begin PBXFileReference section */
		44F6282D1B9C534A008E8EC2 /* JTMaterialSwitch.app */ = {isa = PBXFileReference; explicitFileType = wrapper.application; includeInIndex = 0; path = JTMaterialSwitch.app; sourceTree = BUILT_PRODUCTS_DIR; };
		44F628311B9C534A008E8EC2 /* main.m */ = {isa = PBXFileReference; lastKnownFileType = sourcecode.c.objc; path = main.m; sourceTree = "<group>"; };
		44F628331B9C534A008E8EC2 /* AppDelegate.h */ = {isa = PBXFileReference; lastKnownFileType = sourcecode.c.h; path = AppDelegate.h; sourceTree = "<group>"; };
		44F628341B9C534A008E8EC2 /* AppDelegate.m */ = {isa = PBXFileReference; lastKnownFileType = sourcecode.c.objc; path = AppDelegate.m; sourceTree = "<group>"; };
		44F628361B9C534A008E8EC2 /* ViewController.h */ = {isa = PBXFileReference; lastKnownFileType = sourcecode.c.h; path = ViewController.h; sourceTree = "<group>"; };
		44F628371B9C534A008E8EC2 /* ViewController.m */ = {isa = PBXFileReference; lastKnownFileType = sourcecode.c.objc; path = ViewController.m; sourceTree = "<group>"; };
		44F6283A1B9C534A008E8EC2 /* Base */ = {isa = PBXFileReference; lastKnownFileType = file.storyboard; name = Base; path = Base.lproj/Main.storyboard; sourceTree = "<group>"; };
		44F6283C1B9C534A008E8EC2 /* Assets.xcassets */ = {isa = PBXFileReference; lastKnownFileType = folder.assetcatalog; path = Assets.xcassets; sourceTree = "<group>"; };
		44F6283F1B9C534A008E8EC2 /* Base */ = {isa = PBXFileReference; lastKnownFileType = file.storyboard; name = Base; path = Base.lproj/LaunchScreen.storyboard; sourceTree = "<group>"; };
		44F628411B9C534A008E8EC2 /* Info.plist */ = {isa = PBXFileReference; lastKnownFileType = text.plist.xml; path = Info.plist; sourceTree = "<group>"; };
		44F628461B9C534A008E8EC2 /* JTMaterialSwitchTests.xctest */ = {isa = PBXFileReference; explicitFileType = wrapper.cfbundle; includeInIndex = 0; path = JTMaterialSwitchTests.xctest; sourceTree = BUILT_PRODUCTS_DIR; };
		44F6284A1B9C534A008E8EC2 /* JTMaterialSwitchTests.m */ = {isa = PBXFileReference; lastKnownFileType = sourcecode.c.objc; path = JTMaterialSwitchTests.m; sourceTree = "<group>"; };
		44F6284C1B9C534A008E8EC2 /* Info.plist */ = {isa = PBXFileReference; lastKnownFileType = text.plist.xml; path = Info.plist; sourceTree = "<group>"; };
		44F628511B9C534A008E8EC2 /* JTMaterialSwitchUITests.xctest */ = {isa = PBXFileReference; explicitFileType = wrapper.cfbundle; includeInIndex = 0; path = JTMaterialSwitchUITests.xctest; sourceTree = BUILT_PRODUCTS_DIR; };
		44F628551B9C534A008E8EC2 /* JTMaterialSwitchUITests.m */ = {isa = PBXFileReference; lastKnownFileType = sourcecode.c.objc; path = JTMaterialSwitchUITests.m; sourceTree = "<group>"; };
		44F628571B9C534A008E8EC2 /* Info.plist */ = {isa = PBXFileReference; lastKnownFileType = text.plist.xml; path = Info.plist; sourceTree = "<group>"; };
/* End PBXFileReference section */

/* Begin PBXFrameworksBuildPhase section */
		44F6282A1B9C534A008E8EC2 /* Frameworks */ = {
			isa = PBXFrameworksBuildPhase;
			buildActionMask = 2147483647;
			files = (
			);
			runOnlyForDeploymentPostprocessing = 0;
		};
		44F628431B9C534A008E8EC2 /* Frameworks */ = {
			isa = PBXFrameworksBuildPhase;
			buildActionMask = 2147483647;
			files = (
			);
			runOnlyForDeploymentPostprocessing = 0;
		};
		44F6284E1B9C534A008E8EC2 /* Frameworks */ = {
			isa = PBXFrameworksBuildPhase;
			buildActionMask = 2147483647;
			files = (
			);
			runOnlyForDeploymentPostprocessing = 0;
		};
/* End PBXFrameworksBuildPhase section */

/* Begin PBXGroup section */
		44F628241B9C534A008E8EC2 = {
			isa = PBXGroup;
			children = (
				44F6282F1B9C534A008E8EC2 /* JTMaterialSwitch */,
				44F628491B9C534A008E8EC2 /* JTMaterialSwitchTests */,
				44F628541B9C534A008E8EC2 /* JTMaterialSwitchUITests */,
				44F6282E1B9C534A008E8EC2 /* Products */,
			);
			sourceTree = "<group>";
		};
		44F6282E1B9C534A008E8EC2 /* Products */ = {
			isa = PBXGroup;
			children = (
				44F6282D1B9C534A008E8EC2 /* JTMaterialSwitch.app */,
				44F628461B9C534A008E8EC2 /* JTMaterialSwitchTests.xctest */,
				44F628511B9C534A008E8EC2 /* JTMaterialSwitchUITests.xctest */,
			);
			name = Products;
			sourceTree = "<group>";
		};
		44F6282F1B9C534A008E8EC2 /* JTMaterialSwitch */ = {
			isa = PBXGroup;
			children = (
				44F628331B9C534A008E8EC2 /* AppDelegate.h */,
				44F628341B9C534A008E8EC2 /* AppDelegate.m */,
				44F628361B9C534A008E8EC2 /* ViewController.h */,
				44F628371B9C534A008E8EC2 /* ViewController.m */,
				44F628391B9C534A008E8EC2 /* Main.storyboard */,
				44F6283C1B9C534A008E8EC2 /* Assets.xcassets */,
				44F6283E1B9C534A008E8EC2 /* LaunchScreen.storyboard */,
				44F628411B9C534A008E8EC2 /* Info.plist */,
				44F628301B9C534A008E8EC2 /* Supporting Files */,
			);
			path = JTMaterialSwitch;
			sourceTree = "<group>";
		};
		44F628301B9C534A008E8EC2 /* Supporting Files */ = {
			isa = PBXGroup;
			children = (
				44F628311B9C534A008E8EC2 /* main.m */,
			);
			name = "Supporting Files";
			sourceTree = "<group>";
		};
		44F628491B9C534A008E8EC2 /* JTMaterialSwitchTests */ = {
			isa = PBXGroup;
			children = (
				44F6284A1B9C534A008E8EC2 /* JTMaterialSwitchTests.m */,
				44F6284C1B9C534A008E8EC2 /* Info.plist */,
			);
			path = JTMaterialSwitchTests;
			sourceTree = "<group>";
		};
		44F628541B9C534A008E8EC2 /* JTMaterialSwitchUITests */ = {
			isa = PBXGroup;
			children = (
				44F628551B9C534A008E8EC2 /* JTMaterialSwitchUITests.m */,
				44F628571B9C534A008E8EC2 /* Info.plist */,
			);
			path = JTMaterialSwitchUITests;
			sourceTree = "<group>";
		};
/* End PBXGroup section */

/* Begin PBXNativeTarget section */
		44F6282C1B9C534A008E8EC2 /* JTMaterialSwitch */ = {
			isa = PBXNativeTarget;
			buildConfigurationList = 44F6285A1B9C534A008E8EC2 /* Build configuration list for PBXNativeTarget "JTMaterialSwitch" */;
			buildPhases = (
				44F628291B9C534A008E8EC2 /* Sources */,
				44F6282A1B9C534A008E8EC2 /* Frameworks */,
				44F6282B1B9C534A008E8EC2 /* Resources */,
			);
			buildRules = (
			);
			dependencies = (
			);
			name = JTMaterialSwitch;
			productName = JTMaterialSwitch;
			productReference = 44F6282D1B9C534A008E8EC2 /* JTMaterialSwitch.app */;
			productType = "com.apple.product-type.application";
		};
		44F628451B9C534A008E8EC2 /* JTMaterialSwitchTests */ = {
			isa = PBXNativeTarget;
			buildConfigurationList = 44F6285D1B9C534A008E8EC2 /* Build configuration list for PBXNativeTarget "JTMaterialSwitchTests" */;
			buildPhases = (
				44F628421B9C534A008E8EC2 /* Sources */,
				44F628431B9C534A008E8EC2 /* Frameworks */,
				44F628441B9C534A008E8EC2 /* Resources */,
			);
			buildRules = (
			);
			dependencies = (
				44F628481B9C534A008E8EC2 /* PBXTargetDependency */,
			);
			name = JTMaterialSwitchTests;
			productName = JTMaterialSwitchTests;
			productReference = 44F628461B9C534A008E8EC2 /* JTMaterialSwitchTests.xctest */;
			productType = "com.apple.product-type.bundle.unit-test";
		};
		44F628501B9C534A008E8EC2 /* JTMaterialSwitchUITests */ = {
			isa = PBXNativeTarget;
			buildConfigurationList = 44F628601B9C534A008E8EC2 /* Build configuration list for PBXNativeTarget "JTMaterialSwitchUITests" */;
			buildPhases = (
				44F6284D1B9C534A008E8EC2 /* Sources */,
				44F6284E1B9C534A008E8EC2 /* Frameworks */,
				44F6284F1B9C534A008E8EC2 /* Resources */,
			);
			buildRules = (
			);
			dependencies = (
				44F628531B9C534A008E8EC2 /* PBXTargetDependency */,
			);
			name = JTMaterialSwitchUITests;
			productName = JTMaterialSwitchUITests;
			productReference = 44F628511B9C534A008E8EC2 /* JTMaterialSwitchUITests.xctest */;
			productType = "com.apple.product-type.bundle.ui-testing";
		};
/* End PBXNativeTarget section */

/* Begin PBXProject section */
		44F628251B9C534A008E8EC2 /* Project object */ = {
			isa = PBXProject;
			attributes = {
				LastUpgradeCheck = 0700;
				ORGANIZATIONNAME = "Junichi Tsurukawa";
				TargetAttributes = {
					44F6282C1B9C534A008E8EC2 = {
						CreatedOnToolsVersion = 7.0;
					};
					44F628451B9C534A008E8EC2 = {
						CreatedOnToolsVersion = 7.0;
						TestTargetID = 44F6282C1B9C534A008E8EC2;
					};
					44F628501B9C534A008E8EC2 = {
						CreatedOnToolsVersion = 7.0;
						TestTargetID = 44F6282C1B9C534A008E8EC2;
					};
				};
			};
			buildConfigurationList = 44F628281B9C534A008E8EC2 /* Build configuration list for PBXProject "JTMaterialSwitch" */;
			compatibilityVersion = "Xcode 3.2";
			developmentRegion = English;
			hasScannedForEncodings = 0;
			knownRegions = (
				en,
				Base,
			);
			mainGroup = 44F628241B9C534A008E8EC2;
			productRefGroup = 44F6282E1B9C534A008E8EC2 /* Products */;
			projectDirPath = "";
			projectRoot = "";
			targets = (
				44F6282C1B9C534A008E8EC2 /* JTMaterialSwitch */,
				44F628451B9C534A008E8EC2 /* JTMaterialSwitchTests */,
				44F628501B9C534A008E8EC2 /* JTMaterialSwitchUITests */,
			);
		};
/* End PBXProject section */

/* Begin PBXResourcesBuildPhase section */
		44F6282B1B9C534A008E8EC2 /* Resources */ = {
			isa = PBXResourcesBuildPhase;
			buildActionMask = 2147483647;
			files = (
				44F628401B9C534A008E8EC2 /* LaunchScreen.storyboard in Resources */,
				44F6283D1B9C534A008E8EC2 /* Assets.xcassets in Resources */,
				44F6283B1B9C534A008E8EC2 /* Main.storyboard in Resources */,
			);
			runOnlyForDeploymentPostprocessing = 0;
		};
		44F628441B9C534A008E8EC2 /* Resources */ = {
			isa = PBXResourcesBuildPhase;
			buildActionMask = 2147483647;
			files = (
			);
			runOnlyForDeploymentPostprocessing = 0;
		};
		44F6284F1B9C534A008E8EC2 /* Resources */ = {
			isa = PBXResourcesBuildPhase;
			buildActionMask = 2147483647;
			files = (
			);
			runOnlyForDeploymentPostprocessing = 0;
		};
/* End PBXResourcesBuildPhase section */

/* Begin PBXSourcesBuildPhase section */
		44F628291B9C534A008E8EC2 /* Sources */ = {
			isa = PBXSourcesBuildPhase;
			buildActionMask = 2147483647;
			files = (
				44F628381B9C534A008E8EC2 /* ViewController.m in Sources */,
				44F628351B9C534A008E8EC2 /* AppDelegate.m in Sources */,
				44F628321B9C534A008E8EC2 /* main.m in Sources */,
			);
			runOnlyForDeploymentPostprocessing = 0;
		};
		44F628421B9C534A008E8EC2 /* Sources */ = {
			isa = PBXSourcesBuildPhase;
			buildActionMask = 2147483647;
			files = (
				44F6284B1B9C534A008E8EC2 /* JTMaterialSwitchTests.m in Sources */,
			);
			runOnlyForDeploymentPostprocessing = 0;
		};
		44F6284D1B9C534A008E8EC2 /* Sources */ = {
			isa = PBXSourcesBuildPhase;
			buildActionMask = 2147483647;
			files = (
				44F628561B9C534A008E8EC2 /* JTMaterialSwitchUITests.m in Sources */,
			);
			runOnlyForDeploymentPostprocessing = 0;
		};
/* End PBXSourcesBuildPhase section */

/* Begin PBXTargetDependency section */
		44F628481B9C534A008E8EC2 /* PBXTargetDependency */ = {
			isa = PBXTargetDependency;
			target = 44F6282C1B9C534A008E8EC2 /* JTMaterialSwitch */;
			targetProxy = 44F628471B9C534A008E8EC2 /* PBXContainerItemProxy */;
		};
		44F628531B9C534A008E8EC2 /* PBXTargetDependency */ = {
			isa = PBXTargetDependency;
			target = 44F6282C1B9C534A008E8EC2 /* JTMaterialSwitch */;
			targetProxy = 44F628521B9C534A008E8EC2 /* PBXContainerItemProxy */;
		};
/* End PBXTargetDependency section */

/* Begin PBXVariantGroup section */
		44F628391B9C534A008E8EC2 /* Main.storyboard */ = {
			isa = PBXVariantGroup;
			children = (
				44F6283A1B9C534A008E8EC2 /* Base */,
			);
			name = Main.storyboard;
			sourceTree = "<group>";
		};
		44F6283E1B9C534A008E8EC2 /* LaunchScreen.storyboard */ = {
			isa = PBXVariantGroup;
			children = (
				44F6283F1B9C534A008E8EC2 /* Base */,
			);
			name = LaunchScreen.storyboard;
			sourceTree = "<group>";
		};
/* End PBXVariantGroup section */

/* Begin XCBuildConfiguration section */
		44F628581B9C534A008E8EC2 /* Debug */ = {
			isa = XCBuildConfiguration;
			buildSettings = {
				ALWAYS_SEARCH_USER_PATHS = NO;
				CLANG_CXX_LANGUAGE_STANDARD = "gnu++0x";
				CLANG_CXX_LIBRARY = "libc++";
				CLANG_ENABLE_MODULES = YES;
				CLANG_ENABLE_OBJC_ARC = YES;
				CLANG_WARN_BOOL_CONVERSION = YES;
				CLANG_WARN_CONSTANT_CONVERSION = YES;
				CLANG_WARN_DIRECT_OBJC_ISA_USAGE = YES_ERROR;
				CLANG_WARN_EMPTY_BODY = YES;
				CLANG_WARN_ENUM_CONVERSION = YES;
				CLANG_WARN_INT_CONVERSION = YES;
				CLANG_WARN_OBJC_ROOT_CLASS = YES_ERROR;
				CLANG_WARN_UNREACHABLE_CODE = YES;
				CLANG_WARN__DUPLICATE_METHOD_MATCH = YES;
				"CODE_SIGN_IDENTITY[sdk=iphoneos*]" = "iPhone Developer";
				COPY_PHASE_STRIP = NO;
				DEBUG_INFORMATION_FORMAT = dwarf;
				ENABLE_STRICT_OBJC_MSGSEND = YES;
				ENABLE_TESTABILITY = YES;
				GCC_C_LANGUAGE_STANDARD = gnu99;
				GCC_DYNAMIC_NO_PIC = NO;
				GCC_NO_COMMON_BLOCKS = YES;
				GCC_OPTIMIZATION_LEVEL = 0;
				GCC_PREPROCESSOR_DEFINITIONS = (
					"DEBUG=1",
					"$(inherited)",
				);
				GCC_WARN_64_TO_32_BIT_CONVERSION = YES;
				GCC_WARN_ABOUT_RETURN_TYPE = YES_ERROR;
				GCC_WARN_UNDECLARED_SELECTOR = YES;
				GCC_WARN_UNINITIALIZED_AUTOS = YES_AGGRESSIVE;
				GCC_WARN_UNUSED_FUNCTION = YES;
				GCC_WARN_UNUSED_VARIABLE = YES;
				IPHONEOS_DEPLOYMENT_TARGET = 9.0;
				MTL_ENABLE_DEBUG_INFO = YES;
				ONLY_ACTIVE_ARCH = YES;
				SDKROOT = iphoneos;
				TARGETED_DEVICE_FAMILY = "1,2";
			};
			name = Debug;
		};
		44F628591B9C534A008E8EC2 /* Release */ = {
			isa = XCBuildConfiguration;
			buildSettings = {
				ALWAYS_SEARCH_USER_PATHS = NO;
				CLANG_CXX_LANGUAGE_STANDARD = "gnu++0x";
				CLANG_CXX_LIBRARY = "libc++";
				CLANG_ENABLE_MODULES = YES;
				CLANG_ENABLE_OBJC_ARC = YES;
				CLANG_WARN_BOOL_CONVERSION = YES;
				CLANG_WARN_CONSTANT_CONVERSION = YES;
				CLANG_WARN_DIRECT_OBJC_ISA_USAGE = YES_ERROR;
				CLANG_WARN_EMPTY_BODY = YES;
				CLANG_WARN_ENUM_CONVERSION = YES;
				CLANG_WARN_INT_CONVERSION = YES;
				CLANG_WARN_OBJC_ROOT_CLASS = YES_ERROR;
				CLANG_WARN_UNREACHABLE_CODE = YES;
				CLANG_WARN__DUPLICATE_METHOD_MATCH = YES;
				"CODE_SIGN_IDENTITY[sdk=iphoneos*]" = "iPhone Developer";
				COPY_PHASE_STRIP = NO;
				DEBUG_INFORMATION_FORMAT = "dwarf-with-dsym";
				ENABLE_NS_ASSERTIONS = NO;
				ENABLE_STRICT_OBJC_MSGSEND = YES;
				GCC_C_LANGUAGE_STANDARD = gnu99;
				GCC_NO_COMMON_BLOCKS = YES;
				GCC_WARN_64_TO_32_BIT_CONVERSION = YES;
				GCC_WARN_ABOUT_RETURN_TYPE = YES_ERROR;
				GCC_WARN_UNDECLARED_SELECTOR = YES;
				GCC_WARN_UNINITIALIZED_AUTOS = YES_AGGRESSIVE;
				GCC_WARN_UNUSED_FUNCTION = YES;
				GCC_WARN_UNUSED_VARIABLE = YES;
				IPHONEOS_DEPLOYMENT_TARGET = 9.0;
				MTL_ENABLE_DEBUG_INFO = NO;
				SDKROOT = iphoneos;
				TARGETED_DEVICE_FAMILY = "1,2";
				VALIDATE_PRODUCT = YES;
			};
			name = Release;
		};
		44F6285B1B9C534A008E8EC2 /* Debug */ = {
			isa = XCBuildConfiguration;
			buildSettings = {
				ASSETCATALOG_COMPILER_APPICON_NAME = AppIcon;
				INFOPLIST_FILE = JTMaterialSwitch/Info.plist;
				LD_RUNPATH_SEARCH_PATHS = "$(inherited) @executable_path/Frameworks";
				PRODUCT_BUNDLE_IDENTIFIER = com.junichi.JTMaterialSwitch;
				PRODUCT_NAME = "$(TARGET_NAME)";
			};
			name = Debug;
		};
		44F6285C1B9C534A008E8EC2 /* Release */ = {
			isa = XCBuildConfiguration;
			buildSettings = {
				ASSETCATALOG_COMPILER_APPICON_NAME = AppIcon;
				INFOPLIST_FILE = JTMaterialSwitch/Info.plist;
				LD_RUNPATH_SEARCH_PATHS = "$(inherited) @executable_path/Frameworks";
				PRODUCT_BUNDLE_IDENTIFIER = com.junichi.JTMaterialSwitch;
				PRODUCT_NAME = "$(TARGET_NAME)";
			};
			name = Release;
		};
		44F6285E1B9C534A008E8EC2 /* Debug */ = {
			isa = XCBuildConfiguration;
			buildSettings = {
				BUNDLE_LOADER = "$(TEST_HOST)";
				INFOPLIST_FILE = JTMaterialSwitchTests/Info.plist;
				LD_RUNPATH_SEARCH_PATHS = "$(inherited) @executable_path/Frameworks @loader_path/Frameworks";
				PRODUCT_BUNDLE_IDENTIFIER = com.junichi.JTMaterialSwitchTests;
				PRODUCT_NAME = "$(TARGET_NAME)";
				TEST_HOST = "$(BUILT_PRODUCTS_DIR)/JTMaterialSwitch.app/JTMaterialSwitch";
			};
			name = Debug;
		};
		44F6285F1B9C534A008E8EC2 /* Release */ = {
			isa = XCBuildConfiguration;
			buildSettings = {
				BUNDLE_LOADER = "$(TEST_HOST)";
				INFOPLIST_FILE = JTMaterialSwitchTests/Info.plist;
				LD_RUNPATH_SEARCH_PATHS = "$(inherited) @executable_path/Frameworks @loader_path/Frameworks";
				PRODUCT_BUNDLE_IDENTIFIER = com.junichi.JTMaterialSwitchTests;
				PRODUCT_NAME = "$(TARGET_NAME)";
				TEST_HOST = "$(BUILT_PRODUCTS_DIR)/JTMaterialSwitch.app/JTMaterialSwitch";
			};
			name = Release;
		};
		44F628611B9C534A008E8EC2 /* Debug */ = {
			isa = XCBuildConfiguration;
			buildSettings = {
				INFOPLIST_FILE = JTMaterialSwitchUITests/Info.plist;
				LD_RUNPATH_SEARCH_PATHS = "$(inherited) @executable_path/Frameworks @loader_path/Frameworks";
				PRODUCT_BUNDLE_IDENTIFIER = com.junichi.JTMaterialSwitchUITests;
				PRODUCT_NAME = "$(TARGET_NAME)";
				TEST_TARGET_NAME = JTMaterialSwitch;
				USES_XCTRUNNER = YES;
			};
			name = Debug;
		};
		44F628621B9C534A008E8EC2 /* Release */ = {
			isa = XCBuildConfiguration;
			buildSettings = {
				INFOPLIST_FILE = JTMaterialSwitchUITests/Info.plist;
				LD_RUNPATH_SEARCH_PATHS = "$(inherited) @executable_path/Frameworks @loader_path/Frameworks";
				PRODUCT_BUNDLE_IDENTIFIER = com.junichi.JTMaterialSwitchUITests;
				PRODUCT_NAME = "$(TARGET_NAME)";
				TEST_TARGET_NAME = JTMaterialSwitch;
				USES_XCTRUNNER = YES;
			};
			name = Release;
		};
/* End XCBuildConfiguration section */

/* Begin XCConfigurationList section */
		44F628281B9C534A008E8EC2 /* Build configuration list for PBXProject "JTMaterialSwitch" */ = {
			isa = XCConfigurationList;
			buildConfigurations = (
				44F628581B9C534A008E8EC2 /* Debug */,
				44F628591B9C534A008E8EC2 /* Release */,
			);
			defaultConfigurationIsVisible = 0;
			defaultConfigurationName = Release;
		};
		44F6285A1B9C534A008E8EC2 /* Build configuration list for PBXNativeTarget "JTMaterialSwitch" */ = {
			isa = XCConfigurationList;
			buildConfigurations = (
				44F6285B1B9C534A008E8EC2 /* Debug */,
				44F6285C1B9C534A008E8EC2 /* Release */,
			);
			defaultConfigurationIsVisible = 0;
		};
		44F6285D1B9C534A008E8EC2 /* Build configuration list for PBXNativeTarget "JTMaterialSwitchTests" */ = {
			isa = XCConfigurationList;
			buildConfigurations = (
				44F6285E1B9C534A008E8EC2 /* Debug */,
				44F6285F1B9C534A008E8EC2 /* Release */,
			);
			defaultConfigurationIsVisible = 0;
		};
		44F628601B9C534A008E8EC2 /* Build configuration list for PBXNativeTarget "JTMaterialSwitchUITests" */ = {
			isa = XCConfigurationList;
			buildConfigurations = (
				44F628611B9C534A008E8EC2 /* Debug */,
				44F628621B9C534A008E8EC2 /* Release */,
			);
			defaultConfigurationIsVisible = 0;
		};
/* End XCConfigurationList section */
	};
	rootObject = 44F628251B9C534A008E8EC2 /* Project object */;
}
